#MicroXplorer Configuration settings - do not modify
File.Version=5
KeepUserPlacement=false
Mcu.Family=STM32F4
Mcu.IP0=FATFS
Mcu.IP1=NVIC
Mcu.IP2=RCC
Mcu.IP3=SDIO
Mcu.IP4=SYS
Mcu.IP5=USB_DEVICE
Mcu.IP6=USB_OTG_FS
Mcu.IPNb=7
Mcu.Name=STM32F429I(E-G-I)Tx
Mcu.Package=LQFP176
Mcu.Pin0=PH0/OSC_IN
Mcu.Pin1=PH1/OSC_OUT
Mcu.Pin10=PC11
Mcu.Pin11=PC12
Mcu.Pin12=PD2
Mcu.Pin13=PD5
Mcu.Pin14=PB3
Mcu.Pin15=VP_FATFS_VS_SDIO
Mcu.Pin16=VP_USB_DEVICE_VS_USB_DEVICE_CDC_FS
Mcu.Pin2=PC8
Mcu.Pin3=PC9
Mcu.Pin4=PA9
Mcu.Pin5=PA11
Mcu.Pin6=PA12
Mcu.Pin7=PA13
Mcu.Pin8=PA14
Mcu.Pin9=PC10
Mcu.PinsNb=17
Mcu.UserConstants=
Mcu.UserName=STM32F429IGTx
MxCube.Version=4.9.0
MxDb.Version=DB.4.0.90
NVIC.OTG_FS_IRQn=true\:0\:0\:false
NVIC.PriorityGroup=NVIC_PRIORITYGROUP_4
NVIC.SysTick_IRQn=true\:0\:0\:false
PA11.Mode=Device_Only
PA11.Signal=USB_OTG_FS_DM
PA12.Mode=Device_Only
PA12.Signal=USB_OTG_FS_DP
PA13.Mode=Trace-Asynchronous_SW
PA13.Signal=SYS_JTMS-SWDIO
PA14.Mode=Trace-Asynchronous_SW
PA14.Signal=SYS_JTCK-SWCLK
PA9.Mode=Activate_VBUS
PA9.Signal=USB_OTG_FS_VBUS
PB3.Mode=Trace-Asynchronous_SW
PB3.Signal=SYS_JTDO-SWO
PC10.Mode=SD_4_bits_Wide_bus
PC10.Signal=SDIO_D2
PC11.Mode=SD_4_bits_Wide_bus
PC11.Signal=SDIO_D3
PC12.Mode=SD_4_bits_Wide_bus
PC12.Signal=SDIO_CK
PC8.Mode=SD_4_bits_Wide_bus
PC8.Signal=SDIO_D0
PC9.Mode=SD_4_bits_Wide_bus
PC9.Signal=SDIO_D1
PCC.Checker=false
PCC.Line=STM32F429/439
PCC.MCU=STM32F429I(E-G-I)Tx
PCC.MXVersion=4.9.0
PCC.PartNumber=STM32F429IGTx
PCC.Seq0=0
PCC.Series=STM32F4
PCC.Temperature=25
PCC.Vdd=null
PD2.Mode=SD_4_bits_Wide_bus
PD2.Signal=SDIO_CMD
PD5.GPIOParameters=GPIO_Speed,GPIO_PuPd,GPIO_Label,GPIO_ModeDefaultOutputPP
PD5.GPIO_Label=LED
PD5.GPIO_ModeDefaultOutputPP=GPIO_MODE_OUTPUT_PP
PD5.GPIO_PuPd=GPIO_NOPULL
PD5.GPIO_Speed=GPIO_SPEED_LOW
PD5.Locked=true
PD5.Signal=GPIO_Output
PH0/OSC_IN.Mode=HSE-External-Oscillator
PH0/OSC_IN.Signal=RCC_OSC_IN
PH1/OSC_OUT.Mode=HSE-External-Oscillator
PH1/OSC_OUT.Signal=RCC_OSC_OUT
ProjectManager.AskForMigrate=true
ProjectManager.BackupPrevious=false
ProjectManager.CompilerOptimize=2
ProjectManager.ComputerToolchain=false
ProjectManager.CoupleFile=false
ProjectManager.DeletePrevious=true
ProjectManager.DeviceId=STM32F429IGTx
ProjectManager.FirmwarePackage=STM32Cube FW_F4 V1.7.0
ProjectManager.FreePins=false
ProjectManager.HalAssertFull=false
ProjectManager.KeepUserCode=true
ProjectManager.LastFirmware=true
ProjectManager.LibraryCopy=0
ProjectManager.ProjectBuild=false
ProjectManager.ProjectFileName=prototype.ioc
ProjectManager.ProjectName=prototype
ProjectManager.TargetToolchain=MDK-ARM V5
ProjectManager.ToolChainLocation=
RCC.48MHZClocksFreq_Value=48000000
RCC.AHBFreq_Value=168000000
RCC.APB1CLKDivider=RCC_HCLK_DIV4
RCC.APB1Freq_Value=42000000
RCC.APB1TimFreq_Value=84000000
RCC.APB2CLKDivider=RCC_HCLK_DIV2
RCC.APB2Freq_Value=84000000
RCC.APB2TimFreq_Value=168000000
RCC.CortexFreq_Value=168000000
RCC.EthernetFreq_Value=168000000
RCC.FCLKCortexFreq_Value=168000000
RCC.FamilyName=M
RCC.HCLKFreq_Value=168000000
RCC.HSE_VALUE=8000000
RCC.HSI_VALUE=16000000
RCC.I2SClocksFreq_Value=153600000
RCC.IPParameters=LSI_VALUE,APB1TimFreq_Value,VcooutputI2SQ,SAI_AClocksFreq_Value,APB2Freq_Value,MCO2PinFreq_Value,APB1CLKDivider,FCLKCortexFreq_Value,48MHZClocksFreq_Value,AHBFreq_Value,VCOInputFreq_Value,I2SClocksFreq_Value,VCOSAIOutputFreq_Value,SYSCLKFreq_VALUE,SYSCLKSource,LSE_VALUE,HSE_VALUE,HSI_VALUE,VCOSAIOutputFreq_ValueQ,VCOI2SOutputFreq_Value,LCDTFTFreq_Value,VCOSAIOutputFreq_ValueR,PLLCLKFreq_Value,RTCFreq_Value,FamilyName,HCLKFreq_Value,EthernetFreq_Value,APB2CLKDivider,VCOOutputFreq_Value,VcooutputI2S,CortexFreq_Value,SAI_BClocksFreq_Value,APB1Freq_Value,RTCHSEDivFreq_Value,APB2TimFreq_Value,PLLSAIN,PLLQ,PLLM,PLLN
RCC.LCDTFTFreq_Value=48000000
RCC.LSE_VALUE=32768
RCC.LSI_VALUE=32000
RCC.MCO2PinFreq_Value=168000000
RCC.PLLCLKFreq_Value=168000000
RCC.PLLM=5
RCC.PLLN=210
RCC.PLLQ=7
RCC.PLLSAIN=120
RCC.RTCFreq_Value=32000
RCC.RTCHSEDivFreq_Value=4000000
RCC.SAI_AClocksFreq_Value=48000000
RCC.SAI_BClocksFreq_Value=48000000
RCC.SYSCLKFreq_VALUE=168000000
RCC.SYSCLKSource=RCC_SYSCLKSOURCE_PLLCLK
RCC.VCOI2SOutputFreq_Value=307200000
RCC.VCOInputFreq_Value=1600000
RCC.VCOOutputFreq_Value=336000000
RCC.VCOSAIOutputFreq_Value=192000000
RCC.VCOSAIOutputFreq_ValueQ=48000000
RCC.VCOSAIOutputFreq_ValueR=96000000
RCC.VcooutputI2S=153600000
RCC.VcooutputI2SQ=153600000
SDIO.BusWide=SDIO_BUS_WIDE_1B
SDIO.ClockDiv=2
SDIO.IPParameters=BusWide,WideMode,ClockDiv
SDIO.WideMode=SDIO_BUS_WIDE_4B
USB_DEVICE.CLASS_NAME-CDC_FS=CDC
USB_DEVICE.IPParameters=VirtualMode-CDC_FS,VirtualModeFS,USBD_HandleTypeDef-CDC_FS,CLASS_NAME-CDC_FS,MANUFACTURER_STRING-CDC_FS,PRODUCT_STRING_CDC_FS
USB_DEVICE.MANUFACTURER_STRING-CDC_FS=Oxbern
USB_DEVICE.PRODUCT_STRING_CDC_FS=CCube
USB_DEVICE.USBD_HandleTypeDef-CDC_FS=hUsbDeviceFS
USB_DEVICE.VirtualMode-CDC_FS=Cdc
USB_DEVICE.VirtualModeFS=Cdc_FS
USB_OTG_FS.IPParameters=VirtualMode
USB_OTG_FS.VirtualMode=Device_Only
VP_FATFS_VS_SDIO.Mode=SDIO
VP_FATFS_VS_SDIO.Signal=FATFS_VS_SDIO
VP_USB_DEVICE_VS_USB_DEVICE_CDC_FS.Mode=CDC_FS
VP_USB_DEVICE_VS_USB_DEVICE_CDC_FS.Signal=USB_DEVICE_VS_USB_DEVICE_CDC_FS
board=prototype
